
Microsoft Visual Studio Solution File, Format Version 12.00
# Visual Studio Version 17
VisualStudioVersion = 17.9.34622.214
MinimumVisualStudioVersion = 10.0.40219.1
Project("{9A19103F-16F7-4668-BE54-9A1E7A4F7556}") = "Koi_Game_Web", "Koi_Game_Web\Koi_Game_Web.csproj", "{CDD05B9D-BDE2-4073-99BA-AF0DED5E1EFB}"
EndProject
Project("{9A19103F-16F7-4668-BE54-9A1E7A4F7556}") = "Koi_Game_Services", "Koi_Game_Services\Koi_Game_Services.csproj", "{8DD1D62C-AB07-4321-B5BB-F7B456BFABFB}"
EndProject
Project("{9A19103F-16F7-4668-BE54-9A1E7A4F7556}") = "Koi_Game_Reposities", "Koi_Game_Reposities\Koi_Game_Reposities.csproj", "{97F144E9-1B60-43D9-BF21-9142054F5AAE}"
EndProject
Global
	GlobalSection(SolutionConfigurationPlatforms) = preSolution
		Debug|Any CPU = Debug|Any CPU
		Release|Any CPU = Release|Any CPU
	EndGlobalSection
	GlobalSection(ProjectConfigurationPlatforms) = postSolution
		{CDD05B9D-BDE2-4073-99BA-AF0DED5E1EFB}.Debug|Any CPU.ActiveCfg = Debug|Any CPU
		{CDD05B9D-BDE2-4073-99BA-AF0DED5E1EFB}.Debug|Any CPU.Build.0 = Debug|Any CPU
		{CDD05B9D-BDE2-4073-99BA-AF0DED5E1EFB}.Release|Any CPU.ActiveCfg = Release|Any CPU
		{CDD05B9D-BDE2-4073-99BA-AF0DED5E1EFB}.Release|Any CPU.Build.0 = Release|Any CPU
		{8DD1D62C-AB07-4321-B5BB-F7B456BFABFB}.Debug|Any CPU.ActiveCfg = Debug|Any CPU
		{8DD1D62C-AB07-4321-B5BB-F7B456BFABFB}.Debug|Any CPU.Build.0 = Debug|Any CPU
		{8DD1D62C-AB07-4321-B5BB-F7B456BFABFB}.Release|Any CPU.ActiveCfg = Release|Any CPU
		{8DD1D62C-AB07-4321-B5BB-F7B456BFABFB}.Release|Any CPU.Build.0 = Release|Any CPU
		{97F144E9-1B60-43D9-BF21-9142054F5AAE}.Debug|Any CPU.ActiveCfg = Debug|Any CPU
		{97F144E9-1B60-43D9-BF21-9142054F5AAE}.Debug|Any CPU.Build.0 = Debug|Any CPU
		{97F144E9-1B60-43D9-BF21-9142054F5AAE}.Release|Any CPU.ActiveCfg = Release|Any CPU
		{97F144E9-1B60-43D9-BF21-9142054F5AAE}.Release|Any CPU.Build.0 = Release|Any CPU
	EndGlobalSection
	GlobalSection(SolutionProperties) = preSolution
		HideSolutionNode = FALSE
	EndGlobalSection
	GlobalSection(ExtensibilityGlobals) = postSolution
		SolutionGuid = {BF9EE083-D5A4-4ED5-BAA5-3C47AD45F90B}
	EndGlobalSection
EndGlobal
